
Microsoft Visual Studio Solution File, Format Version 12.00
# Visual Studio Version 17
VisualStudioVersion = 17.14.36623.8 d17.14
MinimumVisualStudioVersion = 10.0.40219.1
Project("{8BC9CEB8-8B4A-11D0-8D11-00A0C91BC942}") = "task 6kas", "task 6kas.vcxproj", "{EC937350-395F-4F78-A7B3-F3C3A4D7962A}"
EndProject
Project("{2150E333-8FDC-42A3-9474-1A3956D46DE8}") = "Çözüm Öğeleri", "Çözüm Öğeleri", "{AC80F682-3D55-C8F8-4895-A4A9EDD49434}"
	ProjectSection(SolutionItems) = preProject
		searching.h = searching.h
	EndProjectSection
EndProject
Global
	GlobalSection(SolutionConfigurationPlatforms) = preSolution
		Debug|x64 = Debug|x64
		Debug|x86 = Debug|x86
		Release|x64 = Release|x64
		Release|x86 = Release|x86
	EndGlobalSection
	GlobalSection(ProjectConfigurationPlatforms) = postSolution
		{EC937350-395F-4F78-A7B3-F3C3A4D7962A}.Debug|x64.ActiveCfg = Debug|x64
		{EC937350-395F-4F78-A7B3-F3C3A4D7962A}.Debug|x64.Build.0 = Debug|x64
		{EC937350-395F-4F78-A7B3-F3C3A4D7962A}.Debug|x86.ActiveCfg = Debug|Win32
		{EC937350-395F-4F78-A7B3-F3C3A4D7962A}.Debug|x86.Build.0 = Debug|Win32
		{EC937350-395F-4F78-A7B3-F3C3A4D7962A}.Release|x64.ActiveCfg = Release|x64
		{EC937350-395F-4F78-A7B3-F3C3A4D7962A}.Release|x64.Build.0 = Release|x64
		{EC937350-395F-4F78-A7B3-F3C3A4D7962A}.Release|x86.ActiveCfg = Release|Win32
		{EC937350-395F-4F78-A7B3-F3C3A4D7962A}.Release|x86.Build.0 = Release|Win32
	EndGlobalSection
	GlobalSection(SolutionProperties) = preSolution
		HideSolutionNode = FALSE
	EndGlobalSection
	GlobalSection(ExtensibilityGlobals) = postSolution
		SolutionGuid = {421BF99F-31ED-4F08-AE2E-79194CF015DA}
	EndGlobalSection
EndGlobal
